dependencies:
- name: mongodb
  repository: https://charts.bitnami.com/bitnami
  version: 18.1.20
- name: cert-manager
  repository: https://charts.jetstack.io
  version: v1.19.2
- name: sealed-secrets
  repository: https://bitnami-labs.github.io/sealed-secrets
  version: 2.18.0
- name: nginx-ingress
  repository: https://helm.nginx.com/stable
  version: 2.4.1
digest: sha256:9e11b7d45e482596d3e2122cf4e32ce59b7db795e465d78e91a78f6c96b45f76
generated: "2026-01-13T23:33:29.653916+02:00"
