dependencies:
- name: mongodb
  repository: https://charts.bitnami.com/bitnami
  version: 18.1.20
- name: cert-manager
  repository: https://charts.jetstack.io
  version: v1.19.2
- name: nginx-ingress
  repository: https://helm.nginx.com/stable
  version: 2.4.1
digest: sha256:105d22dd9c4c385e89de32deba9e4d65e7187f053b44c688da1b10cc974014b8
generated: "2026-01-13T22:51:51.024452+02:00"
